// !$*UTF8*$!
{
	archiveVersion = 1;
	classes = {
	};
	objectVersion = 56;
	objects = {

/* Begin PBXBuildFile section */
		371A7F2A2BCE8FC700AB6075 /* AppDelegate.swift in Sources */ = {isa = PBXBuildFile; fileRef = 371A7F292BCE8FC700AB6075 /* AppDelegate.swift */; };
		371A7F2C2BCE8FC700AB6075 /* SceneDelegate.swift in Sources */ = {isa = PBXBuildFile; fileRef = 371A7F2B2BCE8FC700AB6075 /* SceneDelegate.swift */; };
		371A7F2E2BCE8FC700AB6075 /* ViewController.swift in Sources */ = {isa = PBXBuildFile; fileRef = 371A7F2D2BCE8FC700AB6075 /* ViewController.swift */; };
		371A7F312BCE8FC700AB6075 /* Main.storyboard in Resources */ = {isa = PBXBuildFile; fileRef = 371A7F2F2BCE8FC700AB6075 /* Main.storyboard */; };
		371A7F342BCE8FC700AB6075 /* WishList.xcdatamodeld in Sources */ = {isa = PBXBuildFile; fileRef = 371A7F322BCE8FC700AB6075 /* WishList.xcdatamodeld */; };
		371A7F362BCE8FC800AB6075 /* Assets.xcassets in Resources */ = {isa = PBXBuildFile; fileRef = 371A7F352BCE8FC800AB6075 /* Assets.xcassets */; };
		371A7F392BCE8FC800AB6075 /* LaunchScreen.storyboard in Resources */ = {isa = PBXBuildFile; fileRef = 371A7F372BCE8FC800AB6075 /* LaunchScreen.storyboard */; };
		371A7F412BCE901800AB6075 /* .gitignore in Resources */ = {isa = PBXBuildFile; fileRef = 371A7F402BCE901800AB6075 /* .gitignore */; };
		371A7F462BCE93C600AB6075 /* ProductDTO.swift in Sources */ = {isa = PBXBuildFile; fileRef = 371A7F452BCE93C600AB6075 /* ProductDTO.swift */; };
		371A7F492BCFB31200AB6075 /* Product+CoreDataClass.swift in Sources */ = {isa = PBXBuildFile; fileRef = 371A7F472BCFB31200AB6075 /* Product+CoreDataClass.swift */; };
		371A7F4A2BCFB31200AB6075 /* Product+CoreDataProperties.swift in Sources */ = {isa = PBXBuildFile; fileRef = 371A7F482BCFB31200AB6075 /* Product+CoreDataProperties.swift */; };
		371A7F4F2BCFC0BF00AB6075 /* NetworkManager.swift in Sources */ = {isa = PBXBuildFile; fileRef = 371A7F4E2BCFC0BF00AB6075 /* NetworkManager.swift */; };
		371A7F522BCFC54F00AB6075 /* NetworkError.swift in Sources */ = {isa = PBXBuildFile; fileRef = 371A7F512BCFC54F00AB6075 /* NetworkError.swift */; };
/* End PBXBuildFile section */

/* Begin PBXFileReference section */
		371A7F262BCE8FC700AB6075 /* WishList.app */ = {isa = PBXFileReference; explicitFileType = wrapper.application; includeInIndex = 0; path = WishList.app; sourceTree = BUILT_PRODUCTS_DIR; };
		371A7F292BCE8FC700AB6075 /* AppDelegate.swift */ = {isa = PBXFileReference; lastKnownFileType = sourcecode.swift; path = AppDelegate.swift; sourceTree = "<group>"; };
		371A7F2B2BCE8FC700AB6075 /* SceneDelegate.swift */ = {isa = PBXFileReference; lastKnownFileType = sourcecode.swift; path = SceneDelegate.swift; sourceTree = "<group>"; };
		371A7F2D2BCE8FC700AB6075 /* ViewController.swift */ = {isa = PBXFileReference; lastKnownFileType = sourcecode.swift; path = ViewController.swift; sourceTree = "<group>"; };
		371A7F302BCE8FC700AB6075 /* Base */ = {isa = PBXFileReference; lastKnownFileType = file.storyboard; name = Base; path = Base.lproj/Main.storyboard; sourceTree = "<group>"; };
		371A7F332BCE8FC700AB6075 /* WishList.xcdatamodel */ = {isa = PBXFileReference; lastKnownFileType = wrapper.xcdatamodel; path = WishList.xcdatamodel; sourceTree = "<group>"; };
		371A7F352BCE8FC800AB6075 /* Assets.xcassets */ = {isa = PBXFileReference; lastKnownFileType = folder.assetcatalog; path = Assets.xcassets; sourceTree = "<group>"; };
		371A7F382BCE8FC800AB6075 /* Base */ = {isa = PBXFileReference; lastKnownFileType = file.storyboard; name = Base; path = Base.lproj/LaunchScreen.storyboard; sourceTree = "<group>"; };
		371A7F3A2BCE8FC800AB6075 /* Info.plist */ = {isa = PBXFileReference; lastKnownFileType = text.plist.xml; path = Info.plist; sourceTree = "<group>"; };
		371A7F402BCE901800AB6075 /* .gitignore */ = {isa = PBXFileReference; lastKnownFileType = text; path = .gitignore; sourceTree = "<group>"; };
		371A7F452BCE93C600AB6075 /* ProductDTO.swift */ = {isa = PBXFileReference; lastKnownFileType = sourcecode.swift; path = ProductDTO.swift; sourceTree = "<group>"; };
		371A7F472BCFB31200AB6075 /* Product+CoreDataClass.swift */ = {isa = PBXFileReference; lastKnownFileType = sourcecode.swift; path = "Product+CoreDataClass.swift"; sourceTree = "<group>"; };
		371A7F482BCFB31200AB6075 /* Product+CoreDataProperties.swift */ = {isa = PBXFileReference; lastKnownFileType = sourcecode.swift; path = "Product+CoreDataProperties.swift"; sourceTree = "<group>"; };
		371A7F4E2BCFC0BF00AB6075 /* NetworkManager.swift */ = {isa = PBXFileReference; lastKnownFileType = sourcecode.swift; path = NetworkManager.swift; sourceTree = "<group>"; };
		371A7F512BCFC54F00AB6075 /* NetworkError.swift */ = {isa = PBXFileReference; lastKnownFileType = sourcecode.swift; path = NetworkError.swift; sourceTree = "<group>"; };
/* End PBXFileReference section */

/* Begin PBXFrameworksBuildPhase section */
		371A7F232BCE8FC700AB6075 /* Frameworks */ = {
			isa = PBXFrameworksBuildPhase;
			buildActionMask = 2147483647;
			files = (
			);
			runOnlyForDeploymentPostprocessing = 0;
		};
/* End PBXFrameworksBuildPhase section */

/* Begin PBXGroup section */
		371A7F1D2BCE8FC700AB6075 = {
			isa = PBXGroup;
			children = (
				371A7F402BCE901800AB6075 /* .gitignore */,
				371A7F282BCE8FC700AB6075 /* WishList */,
				371A7F272BCE8FC700AB6075 /* Products */,
			);
			sourceTree = "<group>";
		};
		371A7F272BCE8FC700AB6075 /* Products */ = {
			isa = PBXGroup;
			children = (
				371A7F262BCE8FC700AB6075 /* WishList.app */,
			);
			name = Products;
			sourceTree = "<group>";
		};
		371A7F282BCE8FC700AB6075 /* WishList */ = {
			isa = PBXGroup;
			children = (
				371A7F292BCE8FC700AB6075 /* AppDelegate.swift */,
				371A7F2B2BCE8FC700AB6075 /* SceneDelegate.swift */,
				371A7F442BCE930B00AB6075 /* Model */,
				371A7F432BCE930900AB6075 /* View */,
				371A7F422BCE930700AB6075 /* Controller */,
				371A7F352BCE8FC800AB6075 /* Assets.xcassets */,
				371A7F372BCE8FC800AB6075 /* LaunchScreen.storyboard */,
				371A7F3A2BCE8FC800AB6075 /* Info.plist */,
				371A7F322BCE8FC700AB6075 /* WishList.xcdatamodeld */,
			);
			path = WishList;
			sourceTree = "<group>";
		};
		371A7F422BCE930700AB6075 /* Controller */ = {
			isa = PBXGroup;
			children = (
				371A7F2D2BCE8FC700AB6075 /* ViewController.swift */,
			);
			path = Controller;
			sourceTree = "<group>";
		};
		371A7F432BCE930900AB6075 /* View */ = {
			isa = PBXGroup;
			children = (
				371A7F2F2BCE8FC700AB6075 /* Main.storyboard */,
			);
			path = View;
			sourceTree = "<group>";
		};
		371A7F442BCE930B00AB6075 /* Model */ = {
			isa = PBXGroup;
			children = (
				371A7F502BCFC4E000AB6075 /* Error */,
				371A7F4D2BCFC0A900AB6075 /* Network */,
				371A7F4C2BCFB8E500AB6075 /* CoreData */,
				371A7F452BCE93C600AB6075 /* ProductDTO.swift */,
			);
			path = Model;
			sourceTree = "<group>";
		};
		371A7F4C2BCFB8E500AB6075 /* CoreData */ = {
			isa = PBXGroup;
			children = (
				371A7F472BCFB31200AB6075 /* Product+CoreDataClass.swift */,
				371A7F482BCFB31200AB6075 /* Product+CoreDataProperties.swift */,
			);
			path = CoreData;
			sourceTree = "<group>";
		};
		371A7F4D2BCFC0A900AB6075 /* Network */ = {
			isa = PBXGroup;
			children = (
				371A7F4E2BCFC0BF00AB6075 /* NetworkManager.swift */,
			);
			path = Network;
			sourceTree = "<group>";
		};
		371A7F502BCFC4E000AB6075 /* Error */ = {
			isa = PBXGroup;
			children = (
				371A7F512BCFC54F00AB6075 /* NetworkError.swift */,
			);
			path = Error;
			sourceTree = "<group>";
		};
/* End PBXGroup section */

/* Begin PBXNativeTarget section */
		371A7F252BCE8FC700AB6075 /* WishList */ = {
			isa = PBXNativeTarget;
			buildConfigurationList = 371A7F3D2BCE8FC800AB6075 /* Build configuration list for PBXNativeTarget "WishList" */;
			buildPhases = (
				371A7F222BCE8FC700AB6075 /* Sources */,
				371A7F232BCE8FC700AB6075 /* Frameworks */,
				371A7F242BCE8FC700AB6075 /* Resources */,
			);
			buildRules = (
			);
			dependencies = (
			);
			name = WishList;
			productName = WishList;
			productReference = 371A7F262BCE8FC700AB6075 /* WishList.app */;
			productType = "com.apple.product-type.application";
		};
/* End PBXNativeTarget section */

/* Begin PBXProject section */
		371A7F1E2BCE8FC700AB6075 /* Project object */ = {
			isa = PBXProject;
			attributes = {
				BuildIndependentTargetsInParallel = 1;
				LastSwiftUpdateCheck = 1520;
				LastUpgradeCheck = 1520;
				TargetAttributes = {
					371A7F252BCE8FC700AB6075 = {
						CreatedOnToolsVersion = 15.2;
					};
				};
			};
			buildConfigurationList = 371A7F212BCE8FC700AB6075 /* Build configuration list for PBXProject "WishList" */;
			compatibilityVersion = "Xcode 14.0";
			developmentRegion = en;
			hasScannedForEncodings = 0;
			knownRegions = (
				en,
				Base,
			);
			mainGroup = 371A7F1D2BCE8FC700AB6075;
			productRefGroup = 371A7F272BCE8FC700AB6075 /* Products */;
			projectDirPath = "";
			projectRoot = "";
			targets = (
				371A7F252BCE8FC700AB6075 /* WishList */,
			);
		};
/* End PBXProject section */

/* Begin PBXResourcesBuildPhase section */
		371A7F242BCE8FC700AB6075 /* Resources */ = {
			isa = PBXResourcesBuildPhase;
			buildActionMask = 2147483647;
			files = (
				371A7F412BCE901800AB6075 /* .gitignore in Resources */,
				371A7F392BCE8FC800AB6075 /* LaunchScreen.storyboard in Resources */,
				371A7F362BCE8FC800AB6075 /* Assets.xcassets in Resources */,
				371A7F312BCE8FC700AB6075 /* Main.storyboard in Resources */,
			);
			runOnlyForDeploymentPostprocessing = 0;
		};
/* End PBXResourcesBuildPhase section */

/* Begin PBXSourcesBuildPhase section */
		371A7F222BCE8FC700AB6075 /* Sources */ = {
			isa = PBXSourcesBuildPhase;
			buildActionMask = 2147483647;
			files = (
				371A7F342BCE8FC700AB6075 /* WishList.xcdatamodeld in Sources */,
				371A7F2E2BCE8FC700AB6075 /* ViewController.swift in Sources */,
				371A7F2A2BCE8FC700AB6075 /* AppDelegate.swift in Sources */,
				371A7F4A2BCFB31200AB6075 /* Product+CoreDataProperties.swift in Sources */,
				371A7F4F2BCFC0BF00AB6075 /* NetworkManager.swift in Sources */,
				371A7F2C2BCE8FC700AB6075 /* SceneDelegate.swift in Sources */,
				371A7F522BCFC54F00AB6075 /* NetworkError.swift in Sources */,
				371A7F462BCE93C600AB6075 /* ProductDTO.swift in Sources */,
				371A7F492BCFB31200AB6075 /* Product+CoreDataClass.swift in Sources */,
			);
			runOnlyForDeploymentPostprocessing = 0;
		};
/* End PBXSourcesBuildPhase section */

/* Begin PBXVariantGroup section */
		371A7F2F2BCE8FC700AB6075 /* Main.storyboard */ = {
			isa = PBXVariantGroup;
			children = (
				371A7F302BCE8FC700AB6075 /* Base */,
			);
			name = Main.storyboard;
			sourceTree = "<group>";
		};
		371A7F372BCE8FC800AB6075 /* LaunchScreen.storyboard */ = {
			isa = PBXVariantGroup;
			children = (
				371A7F382BCE8FC800AB6075 /* Base */,
			);
			name = LaunchScreen.storyboard;
			sourceTree = "<group>";
		};
/* End PBXVariantGroup section */

/* Begin XCBuildConfiguration section */
		371A7F3B2BCE8FC800AB6075 /* Debug */ = {
			isa = XCBuildConfiguration;
			buildSettings = {
				ALWAYS_SEARCH_USER_PATHS = NO;
				ASSETCATALOG_COMPILER_GENERATE_SWIFT_ASSET_SYMBOL_EXTENSIONS = YES;
				CLANG_ANALYZER_NONNULL = YES;
				CLANG_ANALYZER_NUMBER_OBJECT_CONVERSION = YES_AGGRESSIVE;
				CLANG_CXX_LANGUAGE_STANDARD = "gnu++20";
				CLANG_ENABLE_MODULES = YES;
				CLANG_ENABLE_OBJC_ARC = YES;
				CLANG_ENABLE_OBJC_WEAK = YES;
				CLANG_WARN_BLOCK_CAPTURE_AUTORELEASING = YES;
				CLANG_WARN_BOOL_CONVERSION = YES;
				CLANG_WARN_COMMA = YES;
				CLANG_WARN_CONSTANT_CONVERSION = YES;
				CLANG_WARN_DEPRECATED_OBJC_IMPLEMENTATIONS = YES;
				CLANG_WARN_DIRECT_OBJC_ISA_USAGE = YES_ERROR;
				CLANG_WARN_DOCUMENTATION_COMMENTS = YES;
				CLANG_WARN_EMPTY_BODY = YES;
				CLANG_WARN_ENUM_CONVERSION = YES;
				CLANG_WARN_INFINITE_RECURSION = YES;
				CLANG_WARN_INT_CONVERSION = YES;
				CLANG_WARN_NON_LITERAL_NULL_CONVERSION = YES;
				CLANG_WARN_OBJC_IMPLICIT_RETAIN_SELF = YES;
				CLANG_WARN_OBJC_LITERAL_CONVERSION = YES;
				CLANG_WARN_OBJC_ROOT_CLASS = YES_ERROR;
				CLANG_WARN_QUOTED_INCLUDE_IN_FRAMEWORK_HEADER = YES;
				CLANG_WARN_RANGE_LOOP_ANALYSIS = YES;
				CLANG_WARN_STRICT_PROTOTYPES = YES;
				CLANG_WARN_SUSPICIOUS_MOVE = YES;
				CLANG_WARN_UNGUARDED_AVAILABILITY = YES_AGGRESSIVE;
				CLANG_WARN_UNREACHABLE_CODE = YES;
				CLANG_WARN__DUPLICATE_METHOD_MATCH = YES;
				COPY_PHASE_STRIP = NO;
				DEBUG_INFORMATION_FORMAT = dwarf;
				ENABLE_STRICT_OBJC_MSGSEND = YES;
				ENABLE_TESTABILITY = YES;
				ENABLE_USER_SCRIPT_SANDBOXING = YES;
				GCC_C_LANGUAGE_STANDARD = gnu17;
				GCC_DYNAMIC_NO_PIC = NO;
				GCC_NO_COMMON_BLOCKS = YES;
				GCC_OPTIMIZATION_LEVEL = 0;
				GCC_PREPROCESSOR_DEFINITIONS = (
					"DEBUG=1",
					"$(inherited)",
				);
				GCC_WARN_64_TO_32_BIT_CONVERSION = YES;
				GCC_WARN_ABOUT_RETURN_TYPE = YES_ERROR;
				GCC_WARN_UNDECLARED_SELECTOR = YES;
				GCC_WARN_UNINITIALIZED_AUTOS = YES_AGGRESSIVE;
				GCC_WARN_UNUSED_FUNCTION = YES;
				GCC_WARN_UNUSED_VARIABLE = YES;
				IPHONEOS_DEPLOYMENT_TARGET = 17.2;
				LOCALIZATION_PREFERS_STRING_CATALOGS = YES;
				MTL_ENABLE_DEBUG_INFO = INCLUDE_SOURCE;
				MTL_FAST_MATH = YES;
				ONLY_ACTIVE_ARCH = YES;
				SDKROOT = iphoneos;
				SWIFT_ACTIVE_COMPILATION_CONDITIONS = "DEBUG $(inherited)";
				SWIFT_OPTIMIZATION_LEVEL = "-Onone";
			};
			name = Debug;
		};
		371A7F3C2BCE8FC800AB6075 /* Release */ = {
			isa = XCBuildConfiguration;
			buildSettings = {
				ALWAYS_SEARCH_USER_PATHS = NO;
				ASSETCATALOG_COMPILER_GENERATE_SWIFT_ASSET_SYMBOL_EXTENSIONS = YES;
				CLANG_ANALYZER_NONNULL = YES;
				CLANG_ANALYZER_NUMBER_OBJECT_CONVERSION = YES_AGGRESSIVE;
				CLANG_CXX_LANGUAGE_STANDARD = "gnu++20";
				CLANG_ENABLE_MODULES = YES;
				CLANG_ENABLE_OBJC_ARC = YES;
				CLANG_ENABLE_OBJC_WEAK = YES;
				CLANG_WARN_BLOCK_CAPTURE_AUTORELEASING = YES;
				CLANG_WARN_BOOL_CONVERSION = YES;
				CLANG_WARN_COMMA = YES;
				CLANG_WARN_CONSTANT_CONVERSION = YES;
				CLANG_WARN_DEPRECATED_OBJC_IMPLEMENTATIONS = YES;
				CLANG_WARN_DIRECT_OBJC_ISA_USAGE = YES_ERROR;
				CLANG_WARN_DOCUMENTATION_COMMENTS = YES;
				CLANG_WARN_EMPTY_BODY = YES;
				CLANG_WARN_ENUM_CONVERSION = YES;
				CLANG_WARN_INFINITE_RECURSION = YES;
				CLANG_WARN_INT_CONVERSION = YES;
				CLANG_WARN_NON_LITERAL_NULL_CONVERSION = YES;
				CLANG_WARN_OBJC_IMPLICIT_RETAIN_SELF = YES;
				CLANG_WARN_OBJC_LITERAL_CONVERSION = YES;
				CLANG_WARN_OBJC_ROOT_CLASS = YES_ERROR;
				CLANG_WARN_QUOTED_INCLUDE_IN_FRAMEWORK_HEADER = YES;
				CLANG_WARN_RANGE_LOOP_ANALYSIS = YES;
				CLANG_WARN_STRICT_PROTOTYPES = YES;
				CLANG_WARN_SUSPICIOUS_MOVE = YES;
				CLANG_WARN_UNGUARDED_AVAILABILITY = YES_AGGRESSIVE;
				CLANG_WARN_UNREACHABLE_CODE = YES;
				CLANG_WARN__DUPLICATE_METHOD_MATCH = YES;
				COPY_PHASE_STRIP = NO;
				DEBUG_INFORMATION_FORMAT = "dwarf-with-dsym";
				ENABLE_NS_ASSERTIONS = NO;
				ENABLE_STRICT_OBJC_MSGSEND = YES;
				ENABLE_USER_SCRIPT_SANDBOXING = YES;
				GCC_C_LANGUAGE_STANDARD = gnu17;
				GCC_NO_COMMON_BLOCKS = YES;
				GCC_WARN_64_TO_32_BIT_CONVERSION = YES;
				GCC_WARN_ABOUT_RETURN_TYPE = YES_ERROR;
				GCC_WARN_UNDECLARED_SELECTOR = YES;
				GCC_WARN_UNINITIALIZED_AUTOS = YES_AGGRESSIVE;
				GCC_WARN_UNUSED_FUNCTION = YES;
				GCC_WARN_UNUSED_VARIABLE = YES;
				IPHONEOS_DEPLOYMENT_TARGET = 17.2;
				LOCALIZATION_PREFERS_STRING_CATALOGS = YES;
				MTL_ENABLE_DEBUG_INFO = NO;
				MTL_FAST_MATH = YES;
				SDKROOT = iphoneos;
				SWIFT_COMPILATION_MODE = wholemodule;
				VALIDATE_PRODUCT = YES;
			};
			name = Release;
		};
		371A7F3E2BCE8FC800AB6075 /* Debug */ = {
			isa = XCBuildConfiguration;
			buildSettings = {
				ASSETCATALOG_COMPILER_APPICON_NAME = AppIcon;
				ASSETCATALOG_COMPILER_GLOBAL_ACCENT_COLOR_NAME = AccentColor;
				CODE_SIGN_STYLE = Automatic;
				CURRENT_PROJECT_VERSION = 1;
				GENERATE_INFOPLIST_FILE = YES;
				INFOPLIST_FILE = WishList/Info.plist;
				INFOPLIST_KEY_UIApplicationSupportsIndirectInputEvents = YES;
				INFOPLIST_KEY_UILaunchStoryboardName = LaunchScreen;
				INFOPLIST_KEY_UIMainStoryboardFile = Main;
				INFOPLIST_KEY_UISupportedInterfaceOrientations = UIInterfaceOrientationPortrait;
				INFOPLIST_KEY_UISupportedInterfaceOrientations_iPad = "UIInterfaceOrientationLandscapeLeft UIInterfaceOrientationLandscapeRight UIInterfaceOrientationPortrait UIInterfaceOrientationPortraitUpsideDown";
				IPHONEOS_DEPLOYMENT_TARGET = 15.0;
				LD_RUNPATH_SEARCH_PATHS = (
					"$(inherited)",
					"@executable_path/Frameworks",
				);
				MARKETING_VERSION = 1.0;
				PRODUCT_BUNDLE_IDENTIFIER = com.kjh.WishList;
				PRODUCT_NAME = "$(TARGET_NAME)";
				SUPPORTED_PLATFORMS = "iphoneos iphonesimulator";
				SUPPORTS_MACCATALYST = NO;
				SUPPORTS_MAC_DESIGNED_FOR_IPHONE_IPAD = NO;
				SUPPORTS_XR_DESIGNED_FOR_IPHONE_IPAD = NO;
				SWIFT_EMIT_LOC_STRINGS = YES;
				SWIFT_VERSION = 5.0;
				TARGETED_DEVICE_FAMILY = 1;
			};
			name = Debug;
		};
		371A7F3F2BCE8FC800AB6075 /* Release */ = {
			isa = XCBuildConfiguration;
			buildSettings = {
				ASSETCATALOG_COMPILER_APPICON_NAME = AppIcon;
				ASSETCATALOG_COMPILER_GLOBAL_ACCENT_COLOR_NAME = AccentColor;
				CODE_SIGN_STYLE = Automatic;
				CURRENT_PROJECT_VERSION = 1;
				GENERATE_INFOPLIST_FILE = YES;
				INFOPLIST_FILE = WishList/Info.plist;
				INFOPLIST_KEY_UIApplicationSupportsIndirectInputEvents = YES;
				INFOPLIST_KEY_UILaunchStoryboardName = LaunchScreen;
				INFOPLIST_KEY_UIMainStoryboardFile = Main;
				INFOPLIST_KEY_UISupportedInterfaceOrientations = UIInterfaceOrientationPortrait;
				INFOPLIST_KEY_UISupportedInterfaceOrientations_iPad = "UIInterfaceOrientationLandscapeLeft UIInterfaceOrientationLandscapeRight UIInterfaceOrientationPortrait UIInterfaceOrientationPortraitUpsideDown";
				IPHONEOS_DEPLOYMENT_TARGET = 15.0;
				LD_RUNPATH_SEARCH_PATHS = (
					"$(inherited)",
					"@executable_path/Frameworks",
				);
				MARKETING_VERSION = 1.0;
				PRODUCT_BUNDLE_IDENTIFIER = com.kjh.WishList;
				PRODUCT_NAME = "$(TARGET_NAME)";
				SUPPORTED_PLATFORMS = "iphoneos iphonesimulator";
				SUPPORTS_MACCATALYST = NO;
				SUPPORTS_MAC_DESIGNED_FOR_IPHONE_IPAD = NO;
				SUPPORTS_XR_DESIGNED_FOR_IPHONE_IPAD = NO;
				SWIFT_EMIT_LOC_STRINGS = YES;
				SWIFT_VERSION = 5.0;
				TARGETED_DEVICE_FAMILY = 1;
			};
			name = Release;
		};
/* End XCBuildConfiguration section */

/* Begin XCConfigurationList section */
		371A7F212BCE8FC700AB6075 /* Build configuration list for PBXProject "WishList" */ = {
			isa = XCConfigurationList;
			buildConfigurations = (
				371A7F3B2BCE8FC800AB6075 /* Debug */,
				371A7F3C2BCE8FC800AB6075 /* Release */,
			);
			defaultConfigurationIsVisible = 0;
			defaultConfigurationName = Release;
		};
		371A7F3D2BCE8FC800AB6075 /* Build configuration list for PBXNativeTarget "WishList" */ = {
			isa = XCConfigurationList;
			buildConfigurations = (
				371A7F3E2BCE8FC800AB6075 /* Debug */,
				371A7F3F2BCE8FC800AB6075 /* Release */,
			);
			defaultConfigurationIsVisible = 0;
			defaultConfigurationName = Release;
		};
/* End XCConfigurationList section */

/* Begin XCVersionGroup section */
		371A7F322BCE8FC700AB6075 /* WishList.xcdatamodeld */ = {
			isa = XCVersionGroup;
			children = (
				371A7F332BCE8FC700AB6075 /* WishList.xcdatamodel */,
			);
			currentVersion = 371A7F332BCE8FC700AB6075 /* WishList.xcdatamodel */;
			path = WishList.xcdatamodeld;
			sourceTree = "<group>";
			versionGroupType = wrapper.xcdatamodel;
		};
/* End XCVersionGroup section */
	};
	rootObject = 371A7F1E2BCE8FC700AB6075 /* Project object */;
}
